
Microsoft Visual Studio Solution File, Format Version 12.00
# Visual Studio Version 17
VisualStudioVersion = 17.14.36109.1 d17.14
MinimumVisualStudioVersion = 10.0.40219.1
Project("{FAE04EC0-301F-11D3-BF4B-00C04F79EFBC}") = "Laba_1", "Laba_1\Laba_1.csproj", "{1B72906D-32AB-4057-B3DC-10D1FBF7396C}"
EndProject
Global
	GlobalSection(SolutionConfigurationPlatforms) = preSolution
		Debug|Any CPU = Debug|Any CPU
		Release|Any CPU = Release|Any CPU
	EndGlobalSection
	GlobalSection(ProjectConfigurationPlatforms) = postSolution
		{1B72906D-32AB-4057-B3DC-10D1FBF7396C}.Debug|Any CPU.ActiveCfg = Debug|Any CPU
		{1B72906D-32AB-4057-B3DC-10D1FBF7396C}.Debug|Any CPU.Build.0 = Debug|Any CPU
		{1B72906D-32AB-4057-B3DC-10D1FBF7396C}.Release|Any CPU.ActiveCfg = Release|Any CPU
		{1B72906D-32AB-4057-B3DC-10D1FBF7396C}.Release|Any CPU.Build.0 = Release|Any CPU
	EndGlobalSection
	GlobalSection(SolutionProperties) = preSolution
		HideSolutionNode = FALSE
	EndGlobalSection
	GlobalSection(ExtensibilityGlobals) = postSolution
		SolutionGuid = {6FCAE3F5-EA9A-4270-AF30-7031E90A7328}
	EndGlobalSection
EndGlobal
